
Microsoft Visual Studio Solution File, Format Version 12.00
# Visual Studio Version 16
VisualStudioVersion = 16.0.29519.181
MinimumVisualStudioVersion = 10.0.40219.1
Project("{FAE04EC0-301F-11D3-BF4B-00C04F79EFBC}") = "AnalizatorTekstow", "AnalizatorTekstow.csproj", "{BCE33509-6E08-4845-8B98-8B2DB89AED9D}"
EndProject
Global
	GlobalSection(SolutionConfigurationPlatforms) = preSolution
		Debug|Any CPU = Debug|Any CPU
		Release|Any CPU = Release|Any CPU
	EndGlobalSection
	GlobalSection(ProjectConfigurationPlatforms) = postSolution
		{BCE33509-6E08-4845-8B98-8B2DB89AED9D}.Debug|Any CPU.ActiveCfg = Debug|Any CPU
		{BCE33509-6E08-4845-8B98-8B2DB89AED9D}.Debug|Any CPU.Build.0 = Debug|Any CPU
		{BCE33509-6E08-4845-8B98-8B2DB89AED9D}.Release|Any CPU.ActiveCfg = Release|Any CPU
		{BCE33509-6E08-4845-8B98-8B2DB89AED9D}.Release|Any CPU.Build.0 = Release|Any CPU
	EndGlobalSection
	GlobalSection(SolutionProperties) = preSolution
		HideSolutionNode = FALSE
	EndGlobalSection
	GlobalSection(ExtensibilityGlobals) = postSolution
		SolutionGuid = {5A3A6E64-21D3-417F-8B5F-58C71A051D97}
	EndGlobalSection
EndGlobal
